# This file is automatically @generated by Cargo.
# It is not intended for manual editing.
version = 3

[[package]]
name = "aho-corasick"
version = "1.0.1"
source = "registry+https://github.com/rust-lang/crates.io-index"
checksum = "67fc08ce920c31afb70f013dcce1bfc3a3195de6a228474e45e1f145b36f8d04"
dependencies = [
 "memchr",
]

[[package]]
name = "auto_updater"
version = "0.1.0"
dependencies = [
 "regex",
 "serde",
 "serde-enum-str",
 "serde_json",
]

[[package]]
name = "darling"
version = "0.14.4"
source = "registry+https://github.com/rust-lang/crates.io-index"
checksum = "7b750cb3417fd1b327431a470f388520309479ab0bf5e323505daf0290cd3850"
dependencies = [
 "darling_core",
 "darling_macro",
]

[[package]]
name = "darling_core"
version = "0.14.4"
source = "registry+https://github.com/rust-lang/crates.io-index"
checksum = "109c1ca6e6b7f82cc233a97004ea8ed7ca123a9af07a8230878fcfda9b158bf0"
dependencies = [
 "fnv",
 "ident_case",
 "proc-macro2",
 "quote",
 "syn 1.0.109",
]

[[package]]
name = "darling_macro"
version = "0.14.4"
source = "registry+https://github.com/rust-lang/crates.io-index"
checksum = "a4aab4dbc9f7611d8b55048a3a16d2d010c2c8334e46304b40ac1cc14bf3b48e"
dependencies = [
 "darling_core",
 "quote",
 "syn 1.0.109",
]

[[package]]
name = "fnv"
version = "1.0.7"
source = "registry+https://github.com/rust-lang/crates.io-index"
checksum = "3f9eec918d3f24069decb9af1554cad7c880e2da24a9afd88aca000531ab82c1"

[[package]]
name = "ident_case"
version = "1.0.1"
source = "registry+https://github.com/rust-lang/crates.io-index"
checksum = "b9e0384b61958566e926dc50660321d12159025e767c18e043daf26b70104c39"

[[package]]
name = "itoa"
version = "1.0.6"
source = "registry+https://github.com/rust-lang/crates.io-index"
checksum = "453ad9f582a441959e5f0d088b02ce04cfe8d51a8eaf077f12ac6d3e94164ca6"

[[package]]
name = "memchr"
version = "2.5.0"
source = "registry+https://github.com/rust-lang/crates.io-index"
checksum = "2dffe52ecf27772e601905b7522cb4ef790d2cc203488bbd0e2fe85fcb74566d"

[[package]]
name = "proc-macro2"
version = "1.0.56"
source = "registry+https://github.com/rust-lang/crates.io-index"
checksum = "2b63bdb0cd06f1f4dedf69b254734f9b45af66e4a031e42a7480257d9898b435"
dependencies = [
 "unicode-ident",
]

[[package]]
name = "quote"
version = "1.0.26"
source = "registry+https://github.com/rust-lang/crates.io-index"
checksum = "4424af4bf778aae2051a77b60283332f386554255d722233d09fbfc7e30da2fc"
dependencies = [
 "proc-macro2",
]

[[package]]
name = "regex"
version = "1.8.1"
source = "registry+https://github.com/rust-lang/crates.io-index"
checksum = "af83e617f331cc6ae2da5443c602dfa5af81e517212d9d611a5b3ba1777b5370"
dependencies = [
 "aho-corasick",
 "memchr",
 "regex-syntax",
]

[[package]]
name = "regex-syntax"
version = "0.7.1"
source = "registry+https://github.com/rust-lang/crates.io-index"
checksum = "a5996294f19bd3aae0453a862ad728f60e6600695733dd5df01da90c54363a3c"

[[package]]
name = "ryu"
version = "1.0.13"
source = "registry+https://github.com/rust-lang/crates.io-index"
checksum = "f91339c0467de62360649f8d3e185ca8de4224ff281f66000de5eb2a77a79041"

[[package]]
name = "serde"
version = "1.0.160"
source = "registry+https://github.com/rust-lang/crates.io-index"
checksum = "bb2f3770c8bce3bcda7e149193a069a0f4365bda1fa5cd88e03bca26afc1216c"
dependencies = [
 "serde_derive",
]

[[package]]
name = "serde-attributes"
version = "0.2.1"
source = "registry+https://github.com/rust-lang/crates.io-index"
checksum = "6eb8ec7724e4e524b2492b510e66957fe1a2c76c26a6975ec80823f2439da685"
dependencies = [
 "darling_core",
 "serde-rename-rule",
 "syn 1.0.109",
]

[[package]]
name = "serde-enum-str"
version = "0.3.2"
source = "registry+https://github.com/rust-lang/crates.io-index"
checksum = "d862bd95a79912e4f0e3312720a3d89348b314095aa3f20751ca2e483ae68b20"
dependencies = [
 "darling",
 "proc-macro2",
 "quote",
 "serde-attributes",
 "syn 1.0.109",
]

[[package]]
name = "serde-rename-rule"
version = "0.2.2"
source = "registry+https://github.com/rust-lang/crates.io-index"
checksum = "794e44574226fc701e3be5c651feb7939038fc67fb73f6f4dd5c4ba90fd3be70"

[[package]]
name = "serde_derive"
version = "1.0.160"
source = "registry+https://github.com/rust-lang/crates.io-index"
checksum = "291a097c63d8497e00160b166a967a4a79c64f3facdd01cbd7502231688d77df"
dependencies = [
 "proc-macro2",
 "quote",
 "syn 2.0.15",
]

[[package]]
name = "serde_json"
version = "1.0.96"
source = "registry+https://github.com/rust-lang/crates.io-index"
checksum = "057d394a50403bcac12672b2b18fb387ab6d289d957dab67dd201875391e52f1"
dependencies = [
 "itoa",
 "ryu",
 "serde",
]

[[package]]
name = "syn"
version = "1.0.109"
source = "registry+https://github.com/rust-lang/crates.io-index"
checksum = "72b64191b275b66ffe2469e8af2c1cfe3bafa67b529ead792a6d0160888b4237"
dependencies = [
 "proc-macro2",
 "quote",
 "unicode-ident",
]

[[package]]
name = "syn"
version = "2.0.15"
source = "registry+https://github.com/rust-lang/crates.io-index"
checksum = "a34fcf3e8b60f57e6a14301a2e916d323af98b0ea63c599441eec8558660c822"
dependencies = [
 "proc-macro2",
 "quote",
 "unicode-ident",
]

[[package]]
name = "unicode-ident"
version = "1.0.8"
source = "registry+https://github.com/rust-lang/crates.io-index"
checksum = "e5464a87b239f13a63a501f2701565754bae92d243d4bb7eb12f6d57d2269bf4"
